// !$*UTF8*$!
{
	archiveVersion = 1;
	classes = {
	};
	objectVersion = 46;
	objects = {

/* Begin PBXBuildFile section */
		4311AF581A4CAB52007A0A93 /* AppDelegate.swift in Sources */ = {isa = PBXBuildFile; fileRef = 4311AF571A4CAB52007A0A93 /* AppDelegate.swift */; };
		4311AF5A1A4CAB52007A0A93 /* ViewController.swift in Sources */ = {isa = PBXBuildFile; fileRef = 4311AF591A4CAB52007A0A93 /* ViewController.swift */; };
		4311AF5C1A4CAB52007A0A93 /* Images.xcassets in Resources */ = {isa = PBXBuildFile; fileRef = 4311AF5B1A4CAB52007A0A93 /* Images.xcassets */; };
		4311AF5F1A4CAB52007A0A93 /* Main.storyboard in Resources */ = {isa = PBXBuildFile; fileRef = 4311AF5D1A4CAB52007A0A93 /* Main.storyboard */; };
		4311AF6B1A4CAB52007A0A93 /* AttractorCLTests.swift in Sources */ = {isa = PBXBuildFile; fileRef = 4311AF6A1A4CAB52007A0A93 /* AttractorCLTests.swift */; };
		4311AF771A4CAC0F007A0A93 /* Attractor.swift in Sources */ = {isa = PBXBuildFile; fileRef = 4311AF751A4CAC0F007A0A93 /* Attractor.swift */; };
		439DB4BF1A4EBD0900199362 /* attractor.cl in Sources */ = {isa = PBXBuildFile; fileRef = 439DB4BE1A4EBD0900199362 /* attractor.cl */; };
/* End PBXBuildFile section */

/* Begin PBXContainerItemProxy section */
		4311AF651A4CAB52007A0A93 /* PBXContainerItemProxy */ = {
			isa = PBXContainerItemProxy;
			containerPortal = 4311AF4A1A4CAB52007A0A93 /* Project object */;
			proxyType = 1;
			remoteGlobalIDString = 4311AF511A4CAB52007A0A93;
			remoteInfo = AttractorCL;
		};
/* End PBXContainerItemProxy section */

/* Begin PBXFileReference section */
		4311AF521A4CAB52007A0A93 /* AttractorCL.app */ = {isa = PBXFileReference; explicitFileType = wrapper.application; includeInIndex = 0; path = AttractorCL.app; sourceTree = BUILT_PRODUCTS_DIR; };
		4311AF561A4CAB52007A0A93 /* Info.plist */ = {isa = PBXFileReference; lastKnownFileType = text.plist.xml; path = Info.plist; sourceTree = "<group>"; };
		4311AF571A4CAB52007A0A93 /* AppDelegate.swift */ = {isa = PBXFileReference; lastKnownFileType = sourcecode.swift; path = AppDelegate.swift; sourceTree = "<group>"; };
		4311AF591A4CAB52007A0A93 /* ViewController.swift */ = {isa = PBXFileReference; lastKnownFileType = sourcecode.swift; path = ViewController.swift; sourceTree = "<group>"; };
		4311AF5B1A4CAB52007A0A93 /* Images.xcassets */ = {isa = PBXFileReference; lastKnownFileType = folder.assetcatalog; path = Images.xcassets; sourceTree = "<group>"; };
		4311AF5E1A4CAB52007A0A93 /* Base */ = {isa = PBXFileReference; lastKnownFileType = file.storyboard; name = Base; path = Base.lproj/Main.storyboard; sourceTree = "<group>"; };
		4311AF641A4CAB52007A0A93 /* AttractorCLTests.xctest */ = {isa = PBXFileReference; explicitFileType = wrapper.cfbundle; includeInIndex = 0; path = AttractorCLTests.xctest; sourceTree = BUILT_PRODUCTS_DIR; };
		4311AF691A4CAB52007A0A93 /* Info.plist */ = {isa = PBXFileReference; lastKnownFileType = text.plist.xml; path = Info.plist; sourceTree = "<group>"; };
		4311AF6A1A4CAB52007A0A93 /* AttractorCLTests.swift */ = {isa = PBXFileReference; lastKnownFileType = sourcecode.swift; path = AttractorCLTests.swift; sourceTree = "<group>"; };
		4311AF751A4CAC0F007A0A93 /* Attractor.swift */ = {isa = PBXFileReference; fileEncoding = 4; lastKnownFileType = sourcecode.swift; path = Attractor.swift; sourceTree = "<group>"; };
		439DB4BE1A4EBD0900199362 /* attractor.cl */ = {isa = PBXFileReference; fileEncoding = 4; lastKnownFileType = sourcecode.opencl; path = attractor.cl; sourceTree = "<group>"; };
		439DB4C01A4EBD4100199362 /* AttractorCL-Bridging-Header.h */ = {isa = PBXFileReference; fileEncoding = 4; lastKnownFileType = sourcecode.c.h; path = "AttractorCL-Bridging-Header.h"; sourceTree = "<group>"; };
/* End PBXFileReference section */

/* Begin PBXFrameworksBuildPhase section */
		4311AF4F1A4CAB52007A0A93 /* Frameworks */ = {
			isa = PBXFrameworksBuildPhase;
			buildActionMask = 2147483647;
			files = (
			);
			runOnlyForDeploymentPostprocessing = 0;
		};
		4311AF611A4CAB52007A0A93 /* Frameworks */ = {
			isa = PBXFrameworksBuildPhase;
			buildActionMask = 2147483647;
			files = (
			);
			runOnlyForDeploymentPostprocessing = 0;
		};
/* End PBXFrameworksBuildPhase section */

/* Begin PBXGroup section */
		4311AF491A4CAB52007A0A93 = {
			isa = PBXGroup;
			children = (
				4311AF541A4CAB52007A0A93 /* AttractorCL */,
				4311AF671A4CAB52007A0A93 /* AttractorCLTests */,
				4311AF531A4CAB52007A0A93 /* Products */,
			);
			sourceTree = "<group>";
		};
		4311AF531A4CAB52007A0A93 /* Products */ = {
			isa = PBXGroup;
			children = (
				4311AF521A4CAB52007A0A93 /* AttractorCL.app */,
				4311AF641A4CAB52007A0A93 /* AttractorCLTests.xctest */,
			);
			name = Products;
			sourceTree = "<group>";
		};
		4311AF541A4CAB52007A0A93 /* AttractorCL */ = {
			isa = PBXGroup;
			children = (
				439DB4C01A4EBD4100199362 /* AttractorCL-Bridging-Header.h */,
				439DB4BE1A4EBD0900199362 /* attractor.cl */,
				4311AF751A4CAC0F007A0A93 /* Attractor.swift */,
				4311AF571A4CAB52007A0A93 /* AppDelegate.swift */,
				4311AF591A4CAB52007A0A93 /* ViewController.swift */,
				4311AF5B1A4CAB52007A0A93 /* Images.xcassets */,
				4311AF5D1A4CAB52007A0A93 /* Main.storyboard */,
				4311AF551A4CAB52007A0A93 /* Supporting Files */,
			);
			path = AttractorCL;
			sourceTree = "<group>";
		};
		4311AF551A4CAB52007A0A93 /* Supporting Files */ = {
			isa = PBXGroup;
			children = (
				4311AF561A4CAB52007A0A93 /* Info.plist */,
			);
			name = "Supporting Files";
			sourceTree = "<group>";
		};
		4311AF671A4CAB52007A0A93 /* AttractorCLTests */ = {
			isa = PBXGroup;
			children = (
				4311AF6A1A4CAB52007A0A93 /* AttractorCLTests.swift */,
				4311AF681A4CAB52007A0A93 /* Supporting Files */,
			);
			path = AttractorCLTests;
			sourceTree = "<group>";
		};
		4311AF681A4CAB52007A0A93 /* Supporting Files */ = {
			isa = PBXGroup;
			children = (
				4311AF691A4CAB52007A0A93 /* Info.plist */,
			);
			name = "Supporting Files";
			sourceTree = "<group>";
		};
/* End PBXGroup section */

/* Begin PBXNativeTarget section */
		4311AF511A4CAB52007A0A93 /* AttractorCL */ = {
			isa = PBXNativeTarget;
			buildConfigurationList = 4311AF6E1A4CAB52007A0A93 /* Build configuration list for PBXNativeTarget "AttractorCL" */;
			buildPhases = (
				4311AF4E1A4CAB52007A0A93 /* Sources */,
				4311AF4F1A4CAB52007A0A93 /* Frameworks */,
				4311AF501A4CAB52007A0A93 /* Resources */,
			);
			buildRules = (
			);
			dependencies = (
			);
			name = AttractorCL;
			productName = AttractorCL;
			productReference = 4311AF521A4CAB52007A0A93 /* AttractorCL.app */;
			productType = "com.apple.product-type.application";
		};
		4311AF631A4CAB52007A0A93 /* AttractorCLTests */ = {
			isa = PBXNativeTarget;
			buildConfigurationList = 4311AF711A4CAB52007A0A93 /* Build configuration list for PBXNativeTarget "AttractorCLTests" */;
			buildPhases = (
				4311AF601A4CAB52007A0A93 /* Sources */,
				4311AF611A4CAB52007A0A93 /* Frameworks */,
				4311AF621A4CAB52007A0A93 /* Resources */,
			);
			buildRules = (
			);
			dependencies = (
				4311AF661A4CAB52007A0A93 /* PBXTargetDependency */,
			);
			name = AttractorCLTests;
			productName = AttractorCLTests;
			productReference = 4311AF641A4CAB52007A0A93 /* AttractorCLTests.xctest */;
			productType = "com.apple.product-type.bundle.unit-test";
		};
/* End PBXNativeTarget section */

/* Begin PBXProject section */
		4311AF4A1A4CAB52007A0A93 /* Project object */ = {
			isa = PBXProject;
			attributes = {
				LastUpgradeCheck = 0610;
				ORGANIZATIONNAME = "Strange Loop";
				TargetAttributes = {
					4311AF511A4CAB52007A0A93 = {
						CreatedOnToolsVersion = 6.1.1;
					};
					4311AF631A4CAB52007A0A93 = {
						CreatedOnToolsVersion = 6.1.1;
						TestTargetID = 4311AF511A4CAB52007A0A93;
					};
				};
			};
			buildConfigurationList = 4311AF4D1A4CAB52007A0A93 /* Build configuration list for PBXProject "AttractorCL" */;
			compatibilityVersion = "Xcode 3.2";
			developmentRegion = English;
			hasScannedForEncodings = 0;
			knownRegions = (
				en,
				Base,
			);
			mainGroup = 4311AF491A4CAB52007A0A93;
			productRefGroup = 4311AF531A4CAB52007A0A93 /* Products */;
			projectDirPath = "";
			projectRoot = "";
			targets = (
				4311AF511A4CAB52007A0A93 /* AttractorCL */,
				4311AF631A4CAB52007A0A93 /* AttractorCLTests */,
			);
		};
/* End PBXProject section */

/* Begin PBXResourcesBuildPhase section */
		4311AF501A4CAB52007A0A93 /* Resources */ = {
			isa = PBXResourcesBuildPhase;
			buildActionMask = 2147483647;
			files = (
				4311AF5C1A4CAB52007A0A93 /* Images.xcassets in Resources */,
				4311AF5F1A4CAB52007A0A93 /* Main.storyboard in Resources */,
			);
			runOnlyForDeploymentPostprocessing = 0;
		};
		4311AF621A4CAB52007A0A93 /* Resources */ = {
			isa = PBXResourcesBuildPhase;
			buildActionMask = 2147483647;
			files = (
			);
			runOnlyForDeploymentPostprocessing = 0;
		};
/* End PBXResourcesBuildPhase section */

/* Begin PBXSourcesBuildPhase section */
		4311AF4E1A4CAB52007A0A93 /* Sources */ = {
			isa = PBXSourcesBuildPhase;
			buildActionMask = 2147483647;
			files = (
				4311AF5A1A4CAB52007A0A93 /* ViewController.swift in Sources */,
				439DB4BF1A4EBD0900199362 /* attractor.cl in Sources */,
				4311AF771A4CAC0F007A0A93 /* Attractor.swift in Sources */,
				4311AF581A4CAB52007A0A93 /* AppDelegate.swift in Sources */,
			);
			runOnlyForDeploymentPostprocessing = 0;
		};
		4311AF601A4CAB52007A0A93 /* Sources */ = {
			isa = PBXSourcesBuildPhase;
			buildActionMask = 2147483647;
			files = (
				4311AF6B1A4CAB52007A0A93 /* AttractorCLTests.swift in Sources */,
			);
			runOnlyForDeploymentPostprocessing = 0;
		};
/* End PBXSourcesBuildPhase section */

/* Begin PBXTargetDependency section */
		4311AF661A4CAB52007A0A93 /* PBXTargetDependency */ = {
			isa = PBXTargetDependency;
			target = 4311AF511A4CAB52007A0A93 /* AttractorCL */;
			targetProxy = 4311AF651A4CAB52007A0A93 /* PBXContainerItemProxy */;
		};
/* End PBXTargetDependency section */

/* Begin PBXVariantGroup section */
		4311AF5D1A4CAB52007A0A93 /* Main.storyboard */ = {
			isa = PBXVariantGroup;
			children = (
				4311AF5E1A4CAB52007A0A93 /* Base */,
			);
			name = Main.storyboard;
			sourceTree = "<group>";
		};
/* End PBXVariantGroup section */

/* Begin XCBuildConfiguration section */
		4311AF6C1A4CAB52007A0A93 /* Debug */ = {
			isa = XCBuildConfiguration;
			buildSettings = {
				ALWAYS_SEARCH_USER_PATHS = NO;
				CLANG_CXX_LANGUAGE_STANDARD = "gnu++0x";
				CLANG_CXX_LIBRARY = "libc++";
				CLANG_ENABLE_MODULES = YES;
				CLANG_ENABLE_OBJC_ARC = YES;
				CLANG_WARN_BOOL_CONVERSION = YES;
				CLANG_WARN_CONSTANT_CONVERSION = YES;
				CLANG_WARN_DIRECT_OBJC_ISA_USAGE = YES_ERROR;
				CLANG_WARN_EMPTY_BODY = YES;
				CLANG_WARN_ENUM_CONVERSION = YES;
				CLANG_WARN_INT_CONVERSION = YES;
				CLANG_WARN_OBJC_ROOT_CLASS = YES_ERROR;
				CLANG_WARN_UNREACHABLE_CODE = YES;
				CLANG_WARN__DUPLICATE_METHOD_MATCH = YES;
				CODE_SIGN_IDENTITY = "-";
				COPY_PHASE_STRIP = NO;
				ENABLE_STRICT_OBJC_MSGSEND = YES;
				GCC_C_LANGUAGE_STANDARD = gnu99;
				GCC_DYNAMIC_NO_PIC = NO;
				GCC_OPTIMIZATION_LEVEL = 0;
				GCC_PREPROCESSOR_DEFINITIONS = (
					"DEBUG=1",
					"$(inherited)",
				);
				GCC_SYMBOLS_PRIVATE_EXTERN = NO;
				GCC_WARN_64_TO_32_BIT_CONVERSION = YES;
				GCC_WARN_ABOUT_RETURN_TYPE = YES_ERROR;
				GCC_WARN_UNDECLARED_SELECTOR = YES;
				GCC_WARN_UNINITIALIZED_AUTOS = YES_AGGRESSIVE;
				GCC_WARN_UNUSED_FUNCTION = YES;
				GCC_WARN_UNUSED_VARIABLE = YES;
				MACOSX_DEPLOYMENT_TARGET = 10.10;
				MTL_ENABLE_DEBUG_INFO = YES;
				ONLY_ACTIVE_ARCH = YES;
				SDKROOT = macosx;
				SWIFT_OPTIMIZATION_LEVEL = "-Onone";
			};
			name = Debug;
		};
		4311AF6D1A4CAB52007A0A93 /* Release */ = {
			isa = XCBuildConfiguration;
			buildSettings = {
				ALWAYS_SEARCH_USER_PATHS = NO;
				CLANG_CXX_LANGUAGE_STANDARD = "gnu++0x";
				CLANG_CXX_LIBRARY = "libc++";
				CLANG_ENABLE_MODULES = YES;
				CLANG_ENABLE_OBJC_ARC = YES;
				CLANG_WARN_BOOL_CONVERSION = YES;
				CLANG_WARN_CONSTANT_CONVERSION = YES;
				CLANG_WARN_DIRECT_OBJC_ISA_USAGE = YES_ERROR;
				CLANG_WARN_EMPTY_BODY = YES;
				CLANG_WARN_ENUM_CONVERSION = YES;
				CLANG_WARN_INT_CONVERSION = YES;
				CLANG_WARN_OBJC_ROOT_CLASS = YES_ERROR;
				CLANG_WARN_UNREACHABLE_CODE = YES;
				CLANG_WARN__DUPLICATE_METHOD_MATCH = YES;
				CODE_SIGN_IDENTITY = "-";
				COPY_PHASE_STRIP = YES;
				DEBUG_INFORMATION_FORMAT = "dwarf-with-dsym";
				ENABLE_NS_ASSERTIONS = NO;
				ENABLE_STRICT_OBJC_MSGSEND = YES;
				GCC_C_LANGUAGE_STANDARD = gnu99;
				GCC_WARN_64_TO_32_BIT_CONVERSION = YES;
				GCC_WARN_ABOUT_RETURN_TYPE = YES_ERROR;
				GCC_WARN_UNDECLARED_SELECTOR = YES;
				GCC_WARN_UNINITIALIZED_AUTOS = YES_AGGRESSIVE;
				GCC_WARN_UNUSED_FUNCTION = YES;
				GCC_WARN_UNUSED_VARIABLE = YES;
				MACOSX_DEPLOYMENT_TARGET = 10.10;
				MTL_ENABLE_DEBUG_INFO = NO;
				SDKROOT = macosx;
			};
			name = Release;
		};
		4311AF6F1A4CAB52007A0A93 /* Debug */ = {
			isa = XCBuildConfiguration;
			buildSettings = {
				ASSETCATALOG_COMPILER_APPICON_NAME = AppIcon;
				CLANG_ENABLE_MODULES = YES;
				COMBINE_HIDPI_IMAGES = YES;
				INFOPLIST_FILE = AttractorCL/Info.plist;
				LD_RUNPATH_SEARCH_PATHS = "$(inherited) @executable_path/../Frameworks";
				PRODUCT_NAME = "$(TARGET_NAME)";
				SWIFT_OBJC_BRIDGING_HEADER = "AttractorCL/AttractorCL-Bridging-Header.h";
				SWIFT_OPTIMIZATION_LEVEL = "-Onone";
			};
			name = Debug;
		};
		4311AF701A4CAB52007A0A93 /* Release */ = {
			isa = XCBuildConfiguration;
			buildSettings = {
				ASSETCATALOG_COMPILER_APPICON_NAME = AppIcon;
				CLANG_ENABLE_MODULES = YES;
				COMBINE_HIDPI_IMAGES = YES;
				INFOPLIST_FILE = AttractorCL/Info.plist;
				LD_RUNPATH_SEARCH_PATHS = "$(inherited) @executable_path/../Frameworks";
				PRODUCT_NAME = "$(TARGET_NAME)";
				SWIFT_OBJC_BRIDGING_HEADER = "AttractorCL/AttractorCL-Bridging-Header.h";
			};
			name = Release;
		};
		4311AF721A4CAB52007A0A93 /* Debug */ = {
			isa = XCBuildConfiguration;
			buildSettings = {
				BUNDLE_LOADER = "$(TEST_HOST)";
				COMBINE_HIDPI_IMAGES = YES;
				FRAMEWORK_SEARCH_PATHS = (
					"$(DEVELOPER_FRAMEWORKS_DIR)",
					"$(inherited)",
				);
				GCC_PREPROCESSOR_DEFINITIONS = (
					"DEBUG=1",
					"$(inherited)",
				);
				INFOPLIST_FILE = AttractorCLTests/Info.plist;
				LD_RUNPATH_SEARCH_PATHS = "$(inherited) @executable_path/../Frameworks @loader_path/../Frameworks";
				PRODUCT_NAME = "$(TARGET_NAME)";
				TEST_HOST = "$(BUILT_PRODUCTS_DIR)/AttractorCL.app/Contents/MacOS/AttractorCL";
			};
			name = Debug;
		};
		4311AF731A4CAB52007A0A93 /* Release */ = {
			isa = XCBuildConfiguration;
			buildSettings = {
				BUNDLE_LOADER = "$(TEST_HOST)";
				COMBINE_HIDPI_IMAGES = YES;
				FRAMEWORK_SEARCH_PATHS = (
					"$(DEVELOPER_FRAMEWORKS_DIR)",
					"$(inherited)",
				);
				INFOPLIST_FILE = AttractorCLTests/Info.plist;
				LD_RUNPATH_SEARCH_PATHS = "$(inherited) @executable_path/../Frameworks @loader_path/../Frameworks";
				PRODUCT_NAME = "$(TARGET_NAME)";
				TEST_HOST = "$(BUILT_PRODUCTS_DIR)/AttractorCL.app/Contents/MacOS/AttractorCL";
			};
			name = Release;
		};
/* End XCBuildConfiguration section */

/* Begin XCConfigurationList section */
		4311AF4D1A4CAB52007A0A93 /* Build configuration list for PBXProject "AttractorCL" */ = {
			isa = XCConfigurationList;
			buildConfigurations = (
				4311AF6C1A4CAB52007A0A93 /* Debug */,
				4311AF6D1A4CAB52007A0A93 /* Release */,
			);
			defaultConfigurationIsVisible = 0;
			defaultConfigurationName = Release;
		};
		4311AF6E1A4CAB52007A0A93 /* Build configuration list for PBXNativeTarget "AttractorCL" */ = {
			isa = XCConfigurationList;
			buildConfigurations = (
				4311AF6F1A4CAB52007A0A93 /* Debug */,
				4311AF701A4CAB52007A0A93 /* Release */,
			);
			defaultConfigurationIsVisible = 0;
			defaultConfigurationName = Release;
		};
		4311AF711A4CAB52007A0A93 /* Build configuration list for PBXNativeTarget "AttractorCLTests" */ = {
			isa = XCConfigurationList;
			buildConfigurations = (
				4311AF721A4CAB52007A0A93 /* Debug */,
				4311AF731A4CAB52007A0A93 /* Release */,
			);
			defaultConfigurationIsVisible = 0;
			defaultConfigurationName = Release;
		};
/* End XCConfigurationList section */
	};
	rootObject = 4311AF4A1A4CAB52007A0A93 /* Project object */;
}
